
Microsoft Visual Studio Solution File, Format Version 12.00
# Visual Studio Version 17
VisualStudioVersion = 17.5.33424.131
MinimumVisualStudioVersion = 10.0.40219.1
Project("{FAE04EC0-301F-11D3-BF4B-00C04F79EFBC}") = "APIEventos", "APIEventos\APIEventos.csproj", "{6BA75996-5FB5-4A44-A4E4-78E774DA21EF}"
EndProject
Global
	GlobalSection(SolutionConfigurationPlatforms) = preSolution
		Debug|Any CPU = Debug|Any CPU
		Release|Any CPU = Release|Any CPU
	EndGlobalSection
	GlobalSection(ProjectConfigurationPlatforms) = postSolution
		{6BA75996-5FB5-4A44-A4E4-78E774DA21EF}.Debug|Any CPU.ActiveCfg = Debug|Any CPU
		{6BA75996-5FB5-4A44-A4E4-78E774DA21EF}.Debug|Any CPU.Build.0 = Debug|Any CPU
		{6BA75996-5FB5-4A44-A4E4-78E774DA21EF}.Release|Any CPU.ActiveCfg = Release|Any CPU
		{6BA75996-5FB5-4A44-A4E4-78E774DA21EF}.Release|Any CPU.Build.0 = Release|Any CPU
	EndGlobalSection
	GlobalSection(SolutionProperties) = preSolution
		HideSolutionNode = FALSE
	EndGlobalSection
	GlobalSection(ExtensibilityGlobals) = postSolution
		SolutionGuid = {C4C8AE80-504C-46D1-926B-E112718ADDE1}
	EndGlobalSection
EndGlobal
